dependencies:
- name: postgresql
  repository: https://charts.bitnami.com/bitnami
  version: 10.16.2
- name: smart-contract-verifier
  repository: https://fpt-blockchain-lab.github.io/helm-charts
  version: 0.1.0
digest: sha256:4fe400ba672fba6a17a1d10b3d2444364fd5d14109fa31f654a84647652d18f8
generated: "2022-09-30T00:59:27.37186+07:00"
