dependencies:
- name: postgresql
  repository: https://charts.bitnami.com/bitnami
  version: 10.16.2
- name: smart-contract-verifier
  repository: https://fpt-blockchain-lab.github.io/helm-charts
  version: 0.1.1
digest: sha256:07a183085c6e75bf072290bebf2ded0ce159cc3f46339bbeea289f1f2bc9342e
generated: "2022-10-05T17:21:40.849452456+07:00"
